{
  "requires": true,
  "lockfileVersion": 1,
  "dependencies": {
    "base32.js": {
      "version": "0.1.0",
      "resolved": "https://registry.npmjs.org/base32.js/-/base32.js-0.1.0.tgz",
      "integrity": "sha1-tYLexpPC8R6JPPBk7mrFthMaIgI="
    },
    "ipv6-normalize": {
      "version": "1.0.1",
      "resolved": "https://registry.npmjs.org/ipv6-normalize/-/ipv6-normalize-1.0.1.tgz",
      "integrity": "sha1-GzJYKQ02X6gyOeiZB93kWS52IKg="
    },
    "nodemailer": {
      "version": "4.4.2",
      "resolved": "https://registry.npmjs.org/nodemailer/-/nodemailer-4.4.2.tgz",
      "integrity": "sha512-sstDxbCSPHDXrWRQhH++khr3yVU0CGvH2dCtAHOPQQ0lRR7xwq2txItEXckMpX481B/cN+0akER2bfExh7Gu/Q=="
    },
    "smtp-server": {
      "version": "3.4.1",
      "resolved": "https://registry.npmjs.org/smtp-server/-/smtp-server-3.4.1.tgz",
      "integrity": "sha512-YYXdu5plsQyxfXEJz0T28TgRNPakx6jZD16B+vgrT0huQdRyILuUF3U15zOx6AQxB1ivOnSJsvpJaXZQ/+XvOQ==",
      "requires": {
        "base32.js": "0.1.0",
        "ipv6-normalize": "1.0.1",
        "nodemailer": "4.4.2"
      }
    }
  }
}
